
Microsoft Visual Studio Solution File, Format Version 12.00
# Visual Studio Version 17
VisualStudioVersion = 17.5.33502.453
MinimumVisualStudioVersion = 10.0.40219.1
Project("{FAE04EC0-301F-11D3-BF4B-00C04F79EFBC}") = "Task", "Task\Task.csproj", "{2A21958C-CE8D-4324-B9FE-4B6D585C959F}"
EndProject
Global
	GlobalSection(SolutionConfigurationPlatforms) = preSolution
		Debug|Any CPU = Debug|Any CPU
		Release|Any CPU = Release|Any CPU
	EndGlobalSection
	GlobalSection(ProjectConfigurationPlatforms) = postSolution
		{2A21958C-CE8D-4324-B9FE-4B6D585C959F}.Debug|Any CPU.ActiveCfg = Debug|Any CPU
		{2A21958C-CE8D-4324-B9FE-4B6D585C959F}.Debug|Any CPU.Build.0 = Debug|Any CPU
		{2A21958C-CE8D-4324-B9FE-4B6D585C959F}.Release|Any CPU.ActiveCfg = Release|Any CPU
		{2A21958C-CE8D-4324-B9FE-4B6D585C959F}.Release|Any CPU.Build.0 = Release|Any CPU
	EndGlobalSection
	GlobalSection(SolutionProperties) = preSolution
		HideSolutionNode = FALSE
	EndGlobalSection
	GlobalSection(ExtensibilityGlobals) = postSolution
		SolutionGuid = {06C23B8E-E875-4D4F-BAC3-5F1583233E00}
	EndGlobalSection
EndGlobal
