
Microsoft Visual Studio Solution File, Format Version 12.00
# Visual Studio Version 17
VisualStudioVersion = 17.5.33502.453
MinimumVisualStudioVersion = 10.0.40219.1
Project("{FAE04EC0-301F-11D3-BF4B-00C04F79EFBC}") = "CityInfoAPI", "CityInfoAPI.csproj", "{965175A8-357A-459A-B379-BBF61D717DA2}"
EndProject
Global
	GlobalSection(SolutionConfigurationPlatforms) = preSolution
		Debug|Any CPU = Debug|Any CPU
		Release|Any CPU = Release|Any CPU
	EndGlobalSection
	GlobalSection(ProjectConfigurationPlatforms) = postSolution
		{965175A8-357A-459A-B379-BBF61D717DA2}.Debug|Any CPU.ActiveCfg = Debug|Any CPU
		{965175A8-357A-459A-B379-BBF61D717DA2}.Debug|Any CPU.Build.0 = Debug|Any CPU
		{965175A8-357A-459A-B379-BBF61D717DA2}.Release|Any CPU.ActiveCfg = Release|Any CPU
		{965175A8-357A-459A-B379-BBF61D717DA2}.Release|Any CPU.Build.0 = Release|Any CPU
	EndGlobalSection
	GlobalSection(SolutionProperties) = preSolution
		HideSolutionNode = FALSE
	EndGlobalSection
	GlobalSection(ExtensibilityGlobals) = postSolution
		SolutionGuid = {56713F83-26FF-4860-9EF0-87CE68B0EBBD}
	EndGlobalSection
EndGlobal
